
Microsoft Visual Studio Solution File, Format Version 12.00
# Visual Studio Version 17
VisualStudioVersion = 17.9.34701.34
MinimumVisualStudioVersion = 10.0.40219.1
Project("{9A19103F-16F7-4668-BE54-9A1E7A4F7556}") = "DesktopDuplication", "DesktopDuplication\DesktopDuplication.csproj", "{F977392A-BCEA-475F-BEF4-325A1924B766}"
EndProject
Project("{9A19103F-16F7-4668-BE54-9A1E7A4F7556}") = "WledToolbox", "WledToolbox\WledToolbox.csproj", "{5BFDB199-AC19-45AD-8A8A-18837449288D}"
EndProject
Project("{FAE04EC0-301F-11D3-BF4B-00C04F79EFBC}") = "WledLightbox", "WledLightbox\WledLightbox.csproj", "{926B17CE-1C1B-431B-BA63-08FA0AB82EE7}"
EndProject
Global
	GlobalSection(SolutionConfigurationPlatforms) = preSolution
		Debug|Any CPU = Debug|Any CPU
		Release|Any CPU = Release|Any CPU
	EndGlobalSection
	GlobalSection(ProjectConfigurationPlatforms) = postSolution
		{F977392A-BCEA-475F-BEF4-325A1924B766}.Debug|Any CPU.ActiveCfg = Debug|Any CPU
		{F977392A-BCEA-475F-BEF4-325A1924B766}.Debug|Any CPU.Build.0 = Debug|Any CPU
		{F977392A-BCEA-475F-BEF4-325A1924B766}.Release|Any CPU.ActiveCfg = Release|Any CPU
		{F977392A-BCEA-475F-BEF4-325A1924B766}.Release|Any CPU.Build.0 = Release|Any CPU
		{5BFDB199-AC19-45AD-8A8A-18837449288D}.Debug|Any CPU.ActiveCfg = Debug|Any CPU
		{5BFDB199-AC19-45AD-8A8A-18837449288D}.Debug|Any CPU.Build.0 = Debug|Any CPU
		{5BFDB199-AC19-45AD-8A8A-18837449288D}.Release|Any CPU.ActiveCfg = Release|Any CPU
		{5BFDB199-AC19-45AD-8A8A-18837449288D}.Release|Any CPU.Build.0 = Release|Any CPU
		{926B17CE-1C1B-431B-BA63-08FA0AB82EE7}.Debug|Any CPU.ActiveCfg = Debug|Any CPU
		{926B17CE-1C1B-431B-BA63-08FA0AB82EE7}.Debug|Any CPU.Build.0 = Debug|Any CPU
		{926B17CE-1C1B-431B-BA63-08FA0AB82EE7}.Release|Any CPU.ActiveCfg = Release|Any CPU
		{926B17CE-1C1B-431B-BA63-08FA0AB82EE7}.Release|Any CPU.Build.0 = Release|Any CPU
	EndGlobalSection
	GlobalSection(SolutionProperties) = preSolution
		HideSolutionNode = FALSE
	EndGlobalSection
	GlobalSection(ExtensibilityGlobals) = postSolution
		SolutionGuid = {D90CB491-AEA4-48C4-BAF5-CD77C03FEDEA}
	EndGlobalSection
EndGlobal
